// !$*UTF8*$!
{
	archiveVersion = 1;
	classes = {
	};
	objectVersion = 56;
	objects = {

/* Begin PBXBuildFile section */
		730635AE29F8914F004426BF /* Resourses.swift in Sources */ = {isa = PBXBuildFile; fileRef = 730635AD29F8914F004426BF /* Resourses.swift */; };
		7319CE8429D716D600E6C2BD /* ProgressHUD in Frameworks */ = {isa = PBXBuildFile; productRef = 7319CE8329D716D600E6C2BD /* ProgressHUD */; };
		7319CE8629D74DD700E6C2BD /* URL+Extensions.swift in Sources */ = {isa = PBXBuildFile; fileRef = 7319CE8529D74DD700E6C2BD /* URL+Extensions.swift */; };
		7319CE8829D7628B00E6C2BD /* UIBlockingProgressHUD.swift in Sources */ = {isa = PBXBuildFile; fileRef = 7319CE8729D7628B00E6C2BD /* UIBlockingProgressHUD.swift */; };
		731EADDD29BF28C700081FC8 /* SingleImageViewController.swift in Sources */ = {isa = PBXBuildFile; fileRef = 731EADDC29BF28C700081FC8 /* SingleImageViewController.swift */; };
		731F74A229A4F32000E7CCE7 /* ImagesListCell.swift in Sources */ = {isa = PBXBuildFile; fileRef = 731F74A129A4F32000E7CCE7 /* ImagesListCell.swift */; };
		7329195F29C4746100A1FABF /* Constants.swift in Sources */ = {isa = PBXBuildFile; fileRef = 7329195E29C4746100A1FABF /* Constants.swift */; };
		732A03F329B0F5B000F10C28 /* ProfileViewController.swift in Sources */ = {isa = PBXBuildFile; fileRef = 732A03F229B0F5B000F10C28 /* ProfileViewController.swift */; };
		733D1C8729DC208100BE5004 /* ProfileImageService.swift in Sources */ = {isa = PBXBuildFile; fileRef = 733D1C8629DC208000BE5004 /* ProfileImageService.swift */; };
		733D1C8929DC232000BE5004 /* ProfileImage.swift in Sources */ = {isa = PBXBuildFile; fileRef = 733D1C8829DC232000BE5004 /* ProfileImage.swift */; };
		7341189629D092ED003C76CD /* SplashViewController.swift in Sources */ = {isa = PBXBuildFile; fileRef = 7341189529D092ED003C76CD /* SplashViewController.swift */; };
		7345104229F2D8C400E2A7FF /* Array+Extensions.swift in Sources */ = {isa = PBXBuildFile; fileRef = 7345104129F2D8C400E2A7FF /* Array+Extensions.swift */; };
		7345104529F2DB9800E2A7FF /* ImagesListCellDelegate.swift in Sources */ = {isa = PBXBuildFile; fileRef = 7345104429F2DB9800E2A7FF /* ImagesListCellDelegate.swift */; };
		7349F29329ED4C6B00770606 /* Photo.swift in Sources */ = {isa = PBXBuildFile; fileRef = 7349F29229ED4C6B00770606 /* Photo.swift */; };
		7349F29529ED4D1000770606 /* ImagesListService.swift in Sources */ = {isa = PBXBuildFile; fileRef = 7349F29429ED4D1000770606 /* ImagesListService.swift */; };
		7349F29729ED718500770606 /* PhotoResult.swift in Sources */ = {isa = PBXBuildFile; fileRef = 7349F29629ED718500770606 /* PhotoResult.swift */; };
		7369D33929D9C93700305443 /* ProfileResult.swift in Sources */ = {isa = PBXBuildFile; fileRef = 7369D33829D9C93700305443 /* ProfileResult.swift */; };
		7369D33B29D9CCF100305443 /* Profile.swift in Sources */ = {isa = PBXBuildFile; fileRef = 7369D33A29D9CCF100305443 /* Profile.swift */; };
		7369D33D29D9CEF700305443 /* ProfileService.swift in Sources */ = {isa = PBXBuildFile; fileRef = 7369D33C29D9CEF700305443 /* ProfileService.swift */; };
		7374C47429E04A67008DC71A /* SwiftKeychainWrapper in Frameworks */ = {isa = PBXBuildFile; productRef = 7374C47329E04A67008DC71A /* SwiftKeychainWrapper */; };
		7374C47629E04EF9008DC71A /* TabBarController.swift in Sources */ = {isa = PBXBuildFile; fileRef = 7374C47529E04EF9008DC71A /* TabBarController.swift */; };
		7377D37E2A0AF2ED00233A16 /* ImageFeedUITests.swift in Sources */ = {isa = PBXBuildFile; fileRef = 7377D37D2A0AF2ED00233A16 /* ImageFeedUITests.swift */; };
		7377D3892A0AF73B00233A16 /* SplashView.swift in Sources */ = {isa = PBXBuildFile; fileRef = 7377D3882A0AF73B00233A16 /* SplashView.swift */; };
		7377D38D2A0AFA4E00233A16 /* ProfileView.swift in Sources */ = {isa = PBXBuildFile; fileRef = 7377D38C2A0AFA4E00233A16 /* ProfileView.swift */; };
		7377D3912A0AFBB000233A16 /* WebView.swift in Sources */ = {isa = PBXBuildFile; fileRef = 7377D3902A0AFBB000233A16 /* WebView.swift */; };
		738126A029DF2291005EBFBE /* Kingfisher in Frameworks */ = {isa = PBXBuildFile; productRef = 7381269F29DF2291005EBFBE /* Kingfisher */; };
		739C248F29F2BEA200F5A6A5 /* PhotoLike.swift in Sources */ = {isa = PBXBuildFile; fileRef = 739C248E29F2BEA200F5A6A5 /* PhotoLike.swift */; };
		73B31E522A03E5EC00BC93A5 /* WebViewPresenter.swift in Sources */ = {isa = PBXBuildFile; fileRef = 73B31E512A03E5EC00BC93A5 /* WebViewPresenter.swift */; };
		73B31E542A04036900BC93A5 /* AuthConfiguration.swift in Sources */ = {isa = PBXBuildFile; fileRef = 73B31E532A04036900BC93A5 /* AuthConfiguration.swift */; };
		73B31E562A04066A00BC93A5 /* AuthHelper.swift in Sources */ = {isa = PBXBuildFile; fileRef = 73B31E552A04066A00BC93A5 /* AuthHelper.swift */; };
		73B31E582A04069900BC93A5 /* WebViewViewControllerProtocol.swift in Sources */ = {isa = PBXBuildFile; fileRef = 73B31E572A04069900BC93A5 /* WebViewViewControllerProtocol.swift */; };
		73B31E5A2A04070900BC93A5 /* WebViewPresenterProtocol.swift in Sources */ = {isa = PBXBuildFile; fileRef = 73B31E592A04070900BC93A5 /* WebViewPresenterProtocol.swift */; };
		73B31E622A044B3600BC93A5 /* WebViewTests.swift in Sources */ = {isa = PBXBuildFile; fileRef = 73B31E612A044B3600BC93A5 /* WebViewTests.swift */; };
		73B31E692A044CA400BC93A5 /* WebViewPresenterSpy.swift in Sources */ = {isa = PBXBuildFile; fileRef = 73B31E682A044CA400BC93A5 /* WebViewPresenterSpy.swift */; };
		73B31E6B2A044F3D00BC93A5 /* WebViewViewControllerSpy.swift in Sources */ = {isa = PBXBuildFile; fileRef = 73B31E6A2A044F3D00BC93A5 /* WebViewViewControllerSpy.swift */; };
		73B31E6E2A045E4E00BC93A5 /* AuthHelperProtocol.swift in Sources */ = {isa = PBXBuildFile; fileRef = 73B31E6D2A045E4E00BC93A5 /* AuthHelperProtocol.swift */; };
		73B31E702A045EB000BC93A5 /* ProfileViewPresenter.swift in Sources */ = {isa = PBXBuildFile; fileRef = 73B31E6F2A045EB000BC93A5 /* ProfileViewPresenter.swift */; };
		73B31E722A04610700BC93A5 /* ProfileViewPresenterProtocol.swift in Sources */ = {isa = PBXBuildFile; fileRef = 73B31E712A04610700BC93A5 /* ProfileViewPresenterProtocol.swift */; };
		73B31E752A04616300BC93A5 /* ProfileViewControllerProtocol.swift in Sources */ = {isa = PBXBuildFile; fileRef = 73B31E742A04616300BC93A5 /* ProfileViewControllerProtocol.swift */; };
		73B31E782A04FFE100BC93A5 /* ProfileServiceProtocol.swift in Sources */ = {isa = PBXBuildFile; fileRef = 73B31E772A04FFE100BC93A5 /* ProfileServiceProtocol.swift */; };
		73B31E7A2A05031400BC93A5 /* ProfileImageServiceProtocol.swift in Sources */ = {isa = PBXBuildFile; fileRef = 73B31E792A05031400BC93A5 /* ProfileImageServiceProtocol.swift */; };
		73B31E7C2A055E2C00BC93A5 /* ImagesListPresenter.swift in Sources */ = {isa = PBXBuildFile; fileRef = 73B31E7B2A055E2C00BC93A5 /* ImagesListPresenter.swift */; };
		73B31E7F2A05633100BC93A5 /* ImagesListPresenterProtocol.swift in Sources */ = {isa = PBXBuildFile; fileRef = 73B31E7E2A05633100BC93A5 /* ImagesListPresenterProtocol.swift */; };
		73B31E812A05635300BC93A5 /* ImagesListViewControllerProtocol.swift in Sources */ = {isa = PBXBuildFile; fileRef = 73B31E802A05635300BC93A5 /* ImagesListViewControllerProtocol.swift */; };
		73B31E832A05755800BC93A5 /* ImagesListServiceProtocol.swift in Sources */ = {isa = PBXBuildFile; fileRef = 73B31E822A05755800BC93A5 /* ImagesListServiceProtocol.swift */; };
		73CA559929A6275700C5C348 /* Date+Extensions.swift in Sources */ = {isa = PBXBuildFile; fileRef = 73CA559829A6275700C5C348 /* Date+Extensions.swift */; };
		73CA559B29A627B200C5C348 /* UIColor+Extensions.swift in Sources */ = {isa = PBXBuildFile; fileRef = 73CA559A29A627B200C5C348 /* UIColor+Extensions.swift */; };
		73D43BAB2A0BABFC00D317FF /* ProfileViewTests.swift in Sources */ = {isa = PBXBuildFile; fileRef = 73D43BAA2A0BABFC00D317FF /* ProfileViewTests.swift */; };
		73D43BAD2A0BAC4D00D317FF /* ProfileViewControllerSpy.swift in Sources */ = {isa = PBXBuildFile; fileRef = 73D43BAC2A0BAC4D00D317FF /* ProfileViewControllerSpy.swift */; };
		73D43BAF2A0BAC6000D317FF /* ProfileViewPresenterSpy.swift in Sources */ = {isa = PBXBuildFile; fileRef = 73D43BAE2A0BAC6000D317FF /* ProfileViewPresenterSpy.swift */; };
		73DB4E35299FA85B0023E362 /* AppDelegate.swift in Sources */ = {isa = PBXBuildFile; fileRef = 73DB4E34299FA85B0023E362 /* AppDelegate.swift */; };
		73DB4E37299FA85B0023E362 /* SceneDelegate.swift in Sources */ = {isa = PBXBuildFile; fileRef = 73DB4E36299FA85B0023E362 /* SceneDelegate.swift */; };
		73DB4E39299FA85B0023E362 /* ImagesListViewController.swift in Sources */ = {isa = PBXBuildFile; fileRef = 73DB4E38299FA85B0023E362 /* ImagesListViewController.swift */; };
		73DB4E3E299FA85C0023E362 /* Assets.xcassets in Resources */ = {isa = PBXBuildFile; fileRef = 73DB4E3D299FA85C0023E362 /* Assets.xcassets */; };
		73DB4E41299FA85C0023E362 /* LaunchScreen.storyboard in Resources */ = {isa = PBXBuildFile; fileRef = 73DB4E3F299FA85C0023E362 /* LaunchScreen.storyboard */; };
		73E3483E29E34DEE004FF833 /* SnapKit in Frameworks */ = {isa = PBXBuildFile; productRef = 73E3483D29E34DEE004FF833 /* SnapKit */; };
		73E4735829C9BB6100FD5548 /* AuthViewController.swift in Sources */ = {isa = PBXBuildFile; fileRef = 73E4735729C9BB6100FD5548 /* AuthViewController.swift */; };
		73E4D6AF29C9C09800E27896 /* WebViewViewController.swift in Sources */ = {isa = PBXBuildFile; fileRef = 73E4D6AE29C9C09800E27896 /* WebViewViewController.swift */; };
		73E4D6B229CB1D2E00E27896 /* OAuthTokenResponseBody.swift in Sources */ = {isa = PBXBuildFile; fileRef = 73E4D6B129CB1D2E00E27896 /* OAuthTokenResponseBody.swift */; };
		73E4D6B529CB1FB600E27896 /* OAuth2Service.swift in Sources */ = {isa = PBXBuildFile; fileRef = 73E4D6B429CB1FB600E27896 /* OAuth2Service.swift */; };
		73E4D6B729CB226600E27896 /* OAuth2ServiceProtocol.swift in Sources */ = {isa = PBXBuildFile; fileRef = 73E4D6B629CB226600E27896 /* OAuth2ServiceProtocol.swift */; };
		73E4D6B929CB252B00E27896 /* AuthViewControllerDelegate.swift in Sources */ = {isa = PBXBuildFile; fileRef = 73E4D6B829CB252B00E27896 /* AuthViewControllerDelegate.swift */; };
		73E4D6BB29CB266D00E27896 /* OAuth2TokenStorage.swift in Sources */ = {isa = PBXBuildFile; fileRef = 73E4D6BA29CB266D00E27896 /* OAuth2TokenStorage.swift */; };
		73E4D6BD29CB2D7800E27896 /* Errors.swift in Sources */ = {isa = PBXBuildFile; fileRef = 73E4D6BC29CB2D7800E27896 /* Errors.swift */; };
		73E4D6BF29CB54EB00E27896 /* WebViewViewControllerDelegate.swift in Sources */ = {isa = PBXBuildFile; fileRef = 73E4D6BE29CB54EB00E27896 /* WebViewViewControllerDelegate.swift */; };
		73F3E5E12A0FC08F00303A1C /* ProfileImageServiceStub.swift in Sources */ = {isa = PBXBuildFile; fileRef = 73F3E5E02A0FC08F00303A1C /* ProfileImageServiceStub.swift */; };
		73F3E5E32A10F87F00303A1C /* ImagesListViewTests.swift in Sources */ = {isa = PBXBuildFile; fileRef = 73F3E5E22A10F87F00303A1C /* ImagesListViewTests.swift */; };
		73F3E5E52A10F8F500303A1C /* ImagesListViewPresenterSpy.swift in Sources */ = {isa = PBXBuildFile; fileRef = 73F3E5E42A10F8F500303A1C /* ImagesListViewPresenterSpy.swift */; };
		73F3E5E72A10F97100303A1C /* ImagesListViewControllerSpy.swift in Sources */ = {isa = PBXBuildFile; fileRef = 73F3E5E62A10F97100303A1C /* ImagesListViewControllerSpy.swift */; };
/* End PBXBuildFile section */

/* Begin PBXContainerItemProxy section */
		7377D3812A0AF2EE00233A16 /* PBXContainerItemProxy */ = {
			isa = PBXContainerItemProxy;
			containerPortal = 73DB4E29299FA85B0023E362 /* Project object */;
			proxyType = 1;
			remoteGlobalIDString = 73DB4E30299FA85B0023E362;
			remoteInfo = ImageFeed;
		};
		73B31E632A044B3600BC93A5 /* PBXContainerItemProxy */ = {
			isa = PBXContainerItemProxy;
			containerPortal = 73DB4E29299FA85B0023E362 /* Project object */;
			proxyType = 1;
			remoteGlobalIDString = 73DB4E30299FA85B0023E362;
			remoteInfo = ImageFeed;
		};
/* End PBXContainerItemProxy section */

/* Begin PBXFileReference section */
		730635AD29F8914F004426BF /* Resourses.swift */ = {isa = PBXFileReference; lastKnownFileType = sourcecode.swift; path = Resourses.swift; sourceTree = "<group>"; };
		7319CE8529D74DD700E6C2BD /* URL+Extensions.swift */ = {isa = PBXFileReference; lastKnownFileType = sourcecode.swift; path = "URL+Extensions.swift"; sourceTree = "<group>"; };
		7319CE8729D7628B00E6C2BD /* UIBlockingProgressHUD.swift */ = {isa = PBXFileReference; lastKnownFileType = sourcecode.swift; path = UIBlockingProgressHUD.swift; sourceTree = "<group>"; };
		731EADDC29BF28C700081FC8 /* SingleImageViewController.swift */ = {isa = PBXFileReference; lastKnownFileType = sourcecode.swift; path = SingleImageViewController.swift; sourceTree = "<group>"; };
		731F74A129A4F32000E7CCE7 /* ImagesListCell.swift */ = {isa = PBXFileReference; lastKnownFileType = sourcecode.swift; path = ImagesListCell.swift; sourceTree = "<group>"; };
		7329195E29C4746100A1FABF /* Constants.swift */ = {isa = PBXFileReference; lastKnownFileType = sourcecode.swift; path = Constants.swift; sourceTree = "<group>"; };
		732A03F229B0F5B000F10C28 /* ProfileViewController.swift */ = {isa = PBXFileReference; lastKnownFileType = sourcecode.swift; path = ProfileViewController.swift; sourceTree = "<group>"; };
		733D1C8629DC208000BE5004 /* ProfileImageService.swift */ = {isa = PBXFileReference; lastKnownFileType = sourcecode.swift; path = ProfileImageService.swift; sourceTree = "<group>"; };
		733D1C8829DC232000BE5004 /* ProfileImage.swift */ = {isa = PBXFileReference; lastKnownFileType = sourcecode.swift; path = ProfileImage.swift; sourceTree = "<group>"; };
		7341189529D092ED003C76CD /* SplashViewController.swift */ = {isa = PBXFileReference; lastKnownFileType = sourcecode.swift; path = SplashViewController.swift; sourceTree = "<group>"; };
		7345104129F2D8C400E2A7FF /* Array+Extensions.swift */ = {isa = PBXFileReference; lastKnownFileType = sourcecode.swift; path = "Array+Extensions.swift"; sourceTree = "<group>"; };
		7345104429F2DB9800E2A7FF /* ImagesListCellDelegate.swift */ = {isa = PBXFileReference; lastKnownFileType = sourcecode.swift; path = ImagesListCellDelegate.swift; sourceTree = "<group>"; };
		7349F29229ED4C6B00770606 /* Photo.swift */ = {isa = PBXFileReference; lastKnownFileType = sourcecode.swift; path = Photo.swift; sourceTree = "<group>"; };
		7349F29429ED4D1000770606 /* ImagesListService.swift */ = {isa = PBXFileReference; lastKnownFileType = sourcecode.swift; path = ImagesListService.swift; sourceTree = "<group>"; };
		7349F29629ED718500770606 /* PhotoResult.swift */ = {isa = PBXFileReference; lastKnownFileType = sourcecode.swift; path = PhotoResult.swift; sourceTree = "<group>"; };
		7369D33829D9C93700305443 /* ProfileResult.swift */ = {isa = PBXFileReference; lastKnownFileType = sourcecode.swift; path = ProfileResult.swift; sourceTree = "<group>"; };
		7369D33A29D9CCF100305443 /* Profile.swift */ = {isa = PBXFileReference; lastKnownFileType = sourcecode.swift; path = Profile.swift; sourceTree = "<group>"; };
		7369D33C29D9CEF700305443 /* ProfileService.swift */ = {isa = PBXFileReference; lastKnownFileType = sourcecode.swift; path = ProfileService.swift; sourceTree = "<group>"; };
		7374C47529E04EF9008DC71A /* TabBarController.swift */ = {isa = PBXFileReference; lastKnownFileType = sourcecode.swift; path = TabBarController.swift; sourceTree = "<group>"; };
		7377D37B2A0AF2ED00233A16 /* ImageFeedUITests.xctest */ = {isa = PBXFileReference; explicitFileType = wrapper.cfbundle; includeInIndex = 0; path = ImageFeedUITests.xctest; sourceTree = BUILT_PRODUCTS_DIR; };
		7377D37D2A0AF2ED00233A16 /* ImageFeedUITests.swift */ = {isa = PBXFileReference; lastKnownFileType = sourcecode.swift; path = ImageFeedUITests.swift; sourceTree = "<group>"; };
		7377D3882A0AF73B00233A16 /* SplashView.swift */ = {isa = PBXFileReference; lastKnownFileType = sourcecode.swift; path = SplashView.swift; sourceTree = "<group>"; };
		7377D38C2A0AFA4E00233A16 /* ProfileView.swift */ = {isa = PBXFileReference; lastKnownFileType = sourcecode.swift; path = ProfileView.swift; sourceTree = "<group>"; };
		7377D3902A0AFBB000233A16 /* WebView.swift */ = {isa = PBXFileReference; lastKnownFileType = sourcecode.swift; path = WebView.swift; sourceTree = "<group>"; };
		739C248E29F2BEA200F5A6A5 /* PhotoLike.swift */ = {isa = PBXFileReference; lastKnownFileType = sourcecode.swift; path = PhotoLike.swift; sourceTree = "<group>"; };
		73B31E512A03E5EC00BC93A5 /* WebViewPresenter.swift */ = {isa = PBXFileReference; lastKnownFileType = sourcecode.swift; path = WebViewPresenter.swift; sourceTree = "<group>"; };
		73B31E532A04036900BC93A5 /* AuthConfiguration.swift */ = {isa = PBXFileReference; lastKnownFileType = sourcecode.swift; path = AuthConfiguration.swift; sourceTree = "<group>"; };
		73B31E552A04066A00BC93A5 /* AuthHelper.swift */ = {isa = PBXFileReference; lastKnownFileType = sourcecode.swift; path = AuthHelper.swift; sourceTree = "<group>"; };
		73B31E572A04069900BC93A5 /* WebViewViewControllerProtocol.swift */ = {isa = PBXFileReference; lastKnownFileType = sourcecode.swift; path = WebViewViewControllerProtocol.swift; sourceTree = "<group>"; };
		73B31E592A04070900BC93A5 /* WebViewPresenterProtocol.swift */ = {isa = PBXFileReference; lastKnownFileType = sourcecode.swift; path = WebViewPresenterProtocol.swift; sourceTree = "<group>"; };
		73B31E5F2A044B3600BC93A5 /* ImageFeedTests.xctest */ = {isa = PBXFileReference; explicitFileType = wrapper.cfbundle; includeInIndex = 0; path = ImageFeedTests.xctest; sourceTree = BUILT_PRODUCTS_DIR; };
		73B31E612A044B3600BC93A5 /* WebViewTests.swift */ = {isa = PBXFileReference; lastKnownFileType = sourcecode.swift; path = WebViewTests.swift; sourceTree = "<group>"; };
		73B31E682A044CA400BC93A5 /* WebViewPresenterSpy.swift */ = {isa = PBXFileReference; lastKnownFileType = sourcecode.swift; path = WebViewPresenterSpy.swift; sourceTree = "<group>"; };
		73B31E6A2A044F3D00BC93A5 /* WebViewViewControllerSpy.swift */ = {isa = PBXFileReference; lastKnownFileType = sourcecode.swift; path = WebViewViewControllerSpy.swift; sourceTree = "<group>"; };
		73B31E6D2A045E4E00BC93A5 /* AuthHelperProtocol.swift */ = {isa = PBXFileReference; lastKnownFileType = sourcecode.swift; path = AuthHelperProtocol.swift; sourceTree = "<group>"; };
		73B31E6F2A045EB000BC93A5 /* ProfileViewPresenter.swift */ = {isa = PBXFileReference; lastKnownFileType = sourcecode.swift; path = ProfileViewPresenter.swift; sourceTree = "<group>"; };
		73B31E712A04610700BC93A5 /* ProfileViewPresenterProtocol.swift */ = {isa = PBXFileReference; lastKnownFileType = sourcecode.swift; path = ProfileViewPresenterProtocol.swift; sourceTree = "<group>"; };
		73B31E742A04616300BC93A5 /* ProfileViewControllerProtocol.swift */ = {isa = PBXFileReference; lastKnownFileType = sourcecode.swift; path = ProfileViewControllerProtocol.swift; sourceTree = "<group>"; };
		73B31E772A04FFE100BC93A5 /* ProfileServiceProtocol.swift */ = {isa = PBXFileReference; lastKnownFileType = sourcecode.swift; path = ProfileServiceProtocol.swift; sourceTree = "<group>"; };
		73B31E792A05031400BC93A5 /* ProfileImageServiceProtocol.swift */ = {isa = PBXFileReference; lastKnownFileType = sourcecode.swift; path = ProfileImageServiceProtocol.swift; sourceTree = "<group>"; };
		73B31E7B2A055E2C00BC93A5 /* ImagesListPresenter.swift */ = {isa = PBXFileReference; lastKnownFileType = sourcecode.swift; path = ImagesListPresenter.swift; sourceTree = "<group>"; };
		73B31E7E2A05633100BC93A5 /* ImagesListPresenterProtocol.swift */ = {isa = PBXFileReference; lastKnownFileType = sourcecode.swift; path = ImagesListPresenterProtocol.swift; sourceTree = "<group>"; };
		73B31E802A05635300BC93A5 /* ImagesListViewControllerProtocol.swift */ = {isa = PBXFileReference; lastKnownFileType = sourcecode.swift; path = ImagesListViewControllerProtocol.swift; sourceTree = "<group>"; };
		73B31E822A05755800BC93A5 /* ImagesListServiceProtocol.swift */ = {isa = PBXFileReference; lastKnownFileType = sourcecode.swift; path = ImagesListServiceProtocol.swift; sourceTree = "<group>"; };
		73CA559829A6275700C5C348 /* Date+Extensions.swift */ = {isa = PBXFileReference; lastKnownFileType = sourcecode.swift; path = "Date+Extensions.swift"; sourceTree = "<group>"; };
		73CA559A29A627B200C5C348 /* UIColor+Extensions.swift */ = {isa = PBXFileReference; lastKnownFileType = sourcecode.swift; path = "UIColor+Extensions.swift"; sourceTree = "<group>"; };
		73D43BAA2A0BABFC00D317FF /* ProfileViewTests.swift */ = {isa = PBXFileReference; lastKnownFileType = sourcecode.swift; path = ProfileViewTests.swift; sourceTree = "<group>"; };
		73D43BAC2A0BAC4D00D317FF /* ProfileViewControllerSpy.swift */ = {isa = PBXFileReference; lastKnownFileType = sourcecode.swift; path = ProfileViewControllerSpy.swift; sourceTree = "<group>"; };
		73D43BAE2A0BAC6000D317FF /* ProfileViewPresenterSpy.swift */ = {isa = PBXFileReference; lastKnownFileType = sourcecode.swift; path = ProfileViewPresenterSpy.swift; sourceTree = "<group>"; };
		73DB4E31299FA85B0023E362 /* ImageFeed.app */ = {isa = PBXFileReference; explicitFileType = wrapper.application; includeInIndex = 0; path = ImageFeed.app; sourceTree = BUILT_PRODUCTS_DIR; };
		73DB4E34299FA85B0023E362 /* AppDelegate.swift */ = {isa = PBXFileReference; lastKnownFileType = sourcecode.swift; path = AppDelegate.swift; sourceTree = "<group>"; };
		73DB4E36299FA85B0023E362 /* SceneDelegate.swift */ = {isa = PBXFileReference; lastKnownFileType = sourcecode.swift; path = SceneDelegate.swift; sourceTree = "<group>"; };
		73DB4E38299FA85B0023E362 /* ImagesListViewController.swift */ = {isa = PBXFileReference; lastKnownFileType = sourcecode.swift; path = ImagesListViewController.swift; sourceTree = "<group>"; };
		73DB4E3D299FA85C0023E362 /* Assets.xcassets */ = {isa = PBXFileReference; lastKnownFileType = folder.assetcatalog; path = Assets.xcassets; sourceTree = "<group>"; };
		73DB4E40299FA85C0023E362 /* Base */ = {isa = PBXFileReference; lastKnownFileType = file.storyboard; name = Base; path = Base.lproj/LaunchScreen.storyboard; sourceTree = "<group>"; };
		73DB4E42299FA85C0023E362 /* Info.plist */ = {isa = PBXFileReference; lastKnownFileType = text.plist.xml; path = Info.plist; sourceTree = "<group>"; };
		73E4735729C9BB6100FD5548 /* AuthViewController.swift */ = {isa = PBXFileReference; lastKnownFileType = sourcecode.swift; path = AuthViewController.swift; sourceTree = "<group>"; };
		73E4D6AE29C9C09800E27896 /* WebViewViewController.swift */ = {isa = PBXFileReference; lastKnownFileType = sourcecode.swift; path = WebViewViewController.swift; sourceTree = "<group>"; };
		73E4D6B129CB1D2E00E27896 /* OAuthTokenResponseBody.swift */ = {isa = PBXFileReference; lastKnownFileType = sourcecode.swift; path = OAuthTokenResponseBody.swift; sourceTree = "<group>"; };
		73E4D6B429CB1FB600E27896 /* OAuth2Service.swift */ = {isa = PBXFileReference; lastKnownFileType = sourcecode.swift; path = OAuth2Service.swift; sourceTree = "<group>"; };
		73E4D6B629CB226600E27896 /* OAuth2ServiceProtocol.swift */ = {isa = PBXFileReference; lastKnownFileType = sourcecode.swift; path = OAuth2ServiceProtocol.swift; sourceTree = "<group>"; };
		73E4D6B829CB252B00E27896 /* AuthViewControllerDelegate.swift */ = {isa = PBXFileReference; lastKnownFileType = sourcecode.swift; path = AuthViewControllerDelegate.swift; sourceTree = "<group>"; };
		73E4D6BA29CB266D00E27896 /* OAuth2TokenStorage.swift */ = {isa = PBXFileReference; lastKnownFileType = sourcecode.swift; path = OAuth2TokenStorage.swift; sourceTree = "<group>"; };
		73E4D6BC29CB2D7800E27896 /* Errors.swift */ = {isa = PBXFileReference; lastKnownFileType = sourcecode.swift; path = Errors.swift; sourceTree = "<group>"; };
		73E4D6BE29CB54EB00E27896 /* WebViewViewControllerDelegate.swift */ = {isa = PBXFileReference; lastKnownFileType = sourcecode.swift; path = WebViewViewControllerDelegate.swift; sourceTree = "<group>"; };
		73F3E5E02A0FC08F00303A1C /* ProfileImageServiceStub.swift */ = {isa = PBXFileReference; lastKnownFileType = sourcecode.swift; path = ProfileImageServiceStub.swift; sourceTree = "<group>"; };
		73F3E5E22A10F87F00303A1C /* ImagesListViewTests.swift */ = {isa = PBXFileReference; lastKnownFileType = sourcecode.swift; path = ImagesListViewTests.swift; sourceTree = "<group>"; };
		73F3E5E42A10F8F500303A1C /* ImagesListViewPresenterSpy.swift */ = {isa = PBXFileReference; lastKnownFileType = sourcecode.swift; path = ImagesListViewPresenterSpy.swift; sourceTree = "<group>"; };
		73F3E5E62A10F97100303A1C /* ImagesListViewControllerSpy.swift */ = {isa = PBXFileReference; lastKnownFileType = sourcecode.swift; path = ImagesListViewControllerSpy.swift; sourceTree = "<group>"; };
/* End PBXFileReference section */

/* Begin PBXFrameworksBuildPhase section */
		7377D3782A0AF2ED00233A16 /* Frameworks */ = {
			isa = PBXFrameworksBuildPhase;
			buildActionMask = 2147483647;
			files = (
			);
			runOnlyForDeploymentPostprocessing = 0;
		};
		73B31E5C2A044B3600BC93A5 /* Frameworks */ = {
			isa = PBXFrameworksBuildPhase;
			buildActionMask = 2147483647;
			files = (
			);
			runOnlyForDeploymentPostprocessing = 0;
		};
		73DB4E2E299FA85B0023E362 /* Frameworks */ = {
			isa = PBXFrameworksBuildPhase;
			buildActionMask = 2147483647;
			files = (
				738126A029DF2291005EBFBE /* Kingfisher in Frameworks */,
				73E3483E29E34DEE004FF833 /* SnapKit in Frameworks */,
				7319CE8429D716D600E6C2BD /* ProgressHUD in Frameworks */,
				7374C47429E04A67008DC71A /* SwiftKeychainWrapper in Frameworks */,
			);
			runOnlyForDeploymentPostprocessing = 0;
		};
/* End PBXFrameworksBuildPhase section */

/* Begin PBXGroup section */
		730635AC29F8909B004426BF /* Resourses */ = {
			isa = PBXGroup;
			children = (
				73E4D6BC29CB2D7800E27896 /* Errors.swift */,
				7329195E29C4746100A1FABF /* Constants.swift */,
				730635AD29F8914F004426BF /* Resourses.swift */,
				73DB4E3D299FA85C0023E362 /* Assets.xcassets */,
				73DB4E3F299FA85C0023E362 /* LaunchScreen.storyboard */,
			);
			path = Resourses;
			sourceTree = "<group>";
		};
		731F74A329A4F34800E7CCE7 /* ImagesList */ = {
			isa = PBXGroup;
			children = (
				731F74A129A4F32000E7CCE7 /* ImagesListCell.swift */,
				73DB4E38299FA85B0023E362 /* ImagesListViewController.swift */,
				73B31E7B2A055E2C00BC93A5 /* ImagesListPresenter.swift */,
				73B31E7D2A05631A00BC93A5 /* Protocols */,
				7345104329F2DB6700E2A7FF /* Delegates */,
			);
			path = ImagesList;
			sourceTree = "<group>";
		};
		7328E34E29BF4438001EF27A /* SingleImageView */ = {
			isa = PBXGroup;
			children = (
				731EADDC29BF28C700081FC8 /* SingleImageViewController.swift */,
			);
			path = SingleImageView;
			sourceTree = "<group>";
		};
		733C006B29E4B5A7002D86B9 /* TabBarController */ = {
			isa = PBXGroup;
			children = (
				7374C47529E04EF9008DC71A /* TabBarController.swift */,
			);
			path = TabBarController;
			sourceTree = "<group>";
		};
		7341189829D0B6B1003C76CD /* Protocols */ = {
			isa = PBXGroup;
			children = (
				73B31E6D2A045E4E00BC93A5 /* AuthHelperProtocol.swift */,
				73E4D6B629CB226600E27896 /* OAuth2ServiceProtocol.swift */,
				73B31E572A04069900BC93A5 /* WebViewViewControllerProtocol.swift */,
				73B31E592A04070900BC93A5 /* WebViewPresenterProtocol.swift */,
			);
			path = Protocols;
			sourceTree = "<group>";
		};
		7341189929D0B6CD003C76CD /* Delegates */ = {
			isa = PBXGroup;
			children = (
				73E4D6B829CB252B00E27896 /* AuthViewControllerDelegate.swift */,
				73E4D6BE29CB54EB00E27896 /* WebViewViewControllerDelegate.swift */,
			);
			path = Delegates;
			sourceTree = "<group>";
		};
		7341189A29D0B740003C76CD /* SplashViewController */ = {
			isa = PBXGroup;
			children = (
				7377D3882A0AF73B00233A16 /* SplashView.swift */,
				7341189529D092ED003C76CD /* SplashViewController.swift */,
			);
			path = SplashViewController;
			sourceTree = "<group>";
		};
		7345104329F2DB6700E2A7FF /* Delegates */ = {
			isa = PBXGroup;
			children = (
				7345104429F2DB9800E2A7FF /* ImagesListCellDelegate.swift */,
			);
			path = Delegates;
			sourceTree = "<group>";
		};
		7346B6E429B101EC0099F146 /* Profile */ = {
			isa = PBXGroup;
			children = (
				7377D38C2A0AFA4E00233A16 /* ProfileView.swift */,
				732A03F229B0F5B000F10C28 /* ProfileViewController.swift */,
				73B31E6F2A045EB000BC93A5 /* ProfileViewPresenter.swift */,
				73B31E732A04611200BC93A5 /* Protocols */,
			);
			path = Profile;
			sourceTree = "<group>";
		};
		7377D37C2A0AF2ED00233A16 /* ImageFeedUITests */ = {
			isa = PBXGroup;
			children = (
				7377D37D2A0AF2ED00233A16 /* ImageFeedUITests.swift */,
			);
			path = ImageFeedUITests;
			sourceTree = "<group>";
		};
		73B31E602A044B3600BC93A5 /* ImageFeedTests */ = {
			isa = PBXGroup;
			children = (
				73F3E5DF2A0FA8DD00303A1C /* ImagesListViewTests */,
				73F3E5DE2A0FA8A400303A1C /* ProfileViewTests */,
				73F3E5DD2A0FA89600303A1C /* WebViewTests */,
			);
			path = ImageFeedTests;
			sourceTree = "<group>";
		};
		73B31E732A04611200BC93A5 /* Protocols */ = {
			isa = PBXGroup;
			children = (
				73B31E742A04616300BC93A5 /* ProfileViewControllerProtocol.swift */,
				73B31E712A04610700BC93A5 /* ProfileViewPresenterProtocol.swift */,
			);
			path = Protocols;
			sourceTree = "<group>";
		};
		73B31E762A04FFAE00BC93A5 /* ProfileServiceProtocols */ = {
			isa = PBXGroup;
			children = (
				73B31E772A04FFE100BC93A5 /* ProfileServiceProtocol.swift */,
				73B31E792A05031400BC93A5 /* ProfileImageServiceProtocol.swift */,
			);
			path = ProfileServiceProtocols;
			sourceTree = "<group>";
		};
		73B31E7D2A05631A00BC93A5 /* Protocols */ = {
			isa = PBXGroup;
			children = (
				73B31E802A05635300BC93A5 /* ImagesListViewControllerProtocol.swift */,
				73B31E7E2A05633100BC93A5 /* ImagesListPresenterProtocol.swift */,
			);
			path = Protocols;
			sourceTree = "<group>";
		};
		73CA559729A6272B00C5C348 /* Helpers */ = {
			isa = PBXGroup;
			children = (
				7345104129F2D8C400E2A7FF /* Array+Extensions.swift */,
				73CA559829A6275700C5C348 /* Date+Extensions.swift */,
				73CA559A29A627B200C5C348 /* UIColor+Extensions.swift */,
				7319CE8529D74DD700E6C2BD /* URL+Extensions.swift */,
				7319CE8729D7628B00E6C2BD /* UIBlockingProgressHUD.swift */,
			);
			path = Helpers;
			sourceTree = "<group>";
		};
		73DB4E28299FA85B0023E362 = {
			isa = PBXGroup;
			children = (
				73DB4E33299FA85B0023E362 /* ImageFeed */,
				73B31E602A044B3600BC93A5 /* ImageFeedTests */,
				7377D37C2A0AF2ED00233A16 /* ImageFeedUITests */,
				73DB4E32299FA85B0023E362 /* Products */,
			);
			sourceTree = "<group>";
		};
		73DB4E32299FA85B0023E362 /* Products */ = {
			isa = PBXGroup;
			children = (
				73DB4E31299FA85B0023E362 /* ImageFeed.app */,
				73B31E5F2A044B3600BC93A5 /* ImageFeedTests.xctest */,
				7377D37B2A0AF2ED00233A16 /* ImageFeedUITests.xctest */,
			);
			name = Products;
			sourceTree = "<group>";
		};
		73DB4E33299FA85B0023E362 /* ImageFeed */ = {
			isa = PBXGroup;
			children = (
				73DB4E34299FA85B0023E362 /* AppDelegate.swift */,
				73DB4E36299FA85B0023E362 /* SceneDelegate.swift */,
				73E4D6AD29C9BC2400E27896 /* Auth */,
				73E4D6B029CB1D1500E27896 /* Models */,
				73E4D6B329CB1F4000E27896 /* Services */,
				7346B6E429B101EC0099F146 /* Profile */,
				7341189A29D0B740003C76CD /* SplashViewController */,
				733C006B29E4B5A7002D86B9 /* TabBarController */,
				731F74A329A4F34800E7CCE7 /* ImagesList */,
				7328E34E29BF4438001EF27A /* SingleImageView */,
				730635AC29F8909B004426BF /* Resourses */,
				73CA559729A6272B00C5C348 /* Helpers */,
				73DB4E42299FA85C0023E362 /* Info.plist */,
			);
			path = ImageFeed;
			sourceTree = "<group>";
		};
		73E4D6AD29C9BC2400E27896 /* Auth */ = {
			isa = PBXGroup;
			children = (
				73B31E552A04066A00BC93A5 /* AuthHelper.swift */,
				73E4735729C9BB6100FD5548 /* AuthViewController.swift */,
				7377D3902A0AFBB000233A16 /* WebView.swift */,
				73B31E512A03E5EC00BC93A5 /* WebViewPresenter.swift */,
				73E4D6AE29C9C09800E27896 /* WebViewViewController.swift */,
				7341189929D0B6CD003C76CD /* Delegates */,
				7341189829D0B6B1003C76CD /* Protocols */,
			);
			path = Auth;
			sourceTree = "<group>";
		};
		73E4D6B029CB1D1500E27896 /* Models */ = {
			isa = PBXGroup;
			children = (
				73B31E532A04036900BC93A5 /* AuthConfiguration.swift */,
				73E4D6B129CB1D2E00E27896 /* OAuthTokenResponseBody.swift */,
				7369D33A29D9CCF100305443 /* Profile.swift */,
				7369D33829D9C93700305443 /* ProfileResult.swift */,
				73E4D6BA29CB266D00E27896 /* OAuth2TokenStorage.swift */,
				733D1C8829DC232000BE5004 /* ProfileImage.swift */,
				7349F29229ED4C6B00770606 /* Photo.swift */,
				7349F29629ED718500770606 /* PhotoResult.swift */,
				739C248E29F2BEA200F5A6A5 /* PhotoLike.swift */,
			);
			path = Models;
			sourceTree = "<group>";
		};
		73E4D6B329CB1F4000E27896 /* Services */ = {
			isa = PBXGroup;
			children = (
				73E4D6B429CB1FB600E27896 /* OAuth2Service.swift */,
				7369D33C29D9CEF700305443 /* ProfileService.swift */,
				733D1C8629DC208000BE5004 /* ProfileImageService.swift */,
				7349F29429ED4D1000770606 /* ImagesListService.swift */,
				73B31E762A04FFAE00BC93A5 /* ProfileServiceProtocols */,
				73B31E822A05755800BC93A5 /* ImagesListServiceProtocol.swift */,
			);
			path = Services;
			sourceTree = "<group>";
		};
		73F3E5DD2A0FA89600303A1C /* WebViewTests */ = {
			isa = PBXGroup;
			children = (
				73B31E612A044B3600BC93A5 /* WebViewTests.swift */,
				73B31E6A2A044F3D00BC93A5 /* WebViewViewControllerSpy.swift */,
				73B31E682A044CA400BC93A5 /* WebViewPresenterSpy.swift */,
			);
			path = WebViewTests;
			sourceTree = "<group>";
		};
		73F3E5DE2A0FA8A400303A1C /* ProfileViewTests */ = {
			isa = PBXGroup;
			children = (
				73D43BAA2A0BABFC00D317FF /* ProfileViewTests.swift */,
				73D43BAC2A0BAC4D00D317FF /* ProfileViewControllerSpy.swift */,
				73D43BAE2A0BAC6000D317FF /* ProfileViewPresenterSpy.swift */,
				73F3E5E02A0FC08F00303A1C /* ProfileImageServiceStub.swift */,
			);
			path = ProfileViewTests;
			sourceTree = "<group>";
		};
		73F3E5DF2A0FA8DD00303A1C /* ImagesListViewTests */ = {
			isa = PBXGroup;
			children = (
				73F3E5E22A10F87F00303A1C /* ImagesListViewTests.swift */,
				73F3E5E62A10F97100303A1C /* ImagesListViewControllerSpy.swift */,
				73F3E5E42A10F8F500303A1C /* ImagesListViewPresenterSpy.swift */,
			);
			path = ImagesListViewTests;
			sourceTree = "<group>";
		};
/* End PBXGroup section */

/* Begin PBXNativeTarget section */
		7377D37A2A0AF2ED00233A16 /* ImageFeedUITests */ = {
			isa = PBXNativeTarget;
			buildConfigurationList = 7377D3852A0AF2EE00233A16 /* Build configuration list for PBXNativeTarget "ImageFeedUITests" */;
			buildPhases = (
				7377D3772A0AF2ED00233A16 /* Sources */,
				7377D3782A0AF2ED00233A16 /* Frameworks */,
				7377D3792A0AF2ED00233A16 /* Resources */,
			);
			buildRules = (
			);
			dependencies = (
				7377D3822A0AF2EE00233A16 /* PBXTargetDependency */,
			);
			name = ImageFeedUITests;
			productName = ImageFeedUITests;
			productReference = 7377D37B2A0AF2ED00233A16 /* ImageFeedUITests.xctest */;
			productType = "com.apple.product-type.bundle.ui-testing";
		};
		73B31E5E2A044B3600BC93A5 /* ImageFeedTests */ = {
			isa = PBXNativeTarget;
			buildConfigurationList = 73B31E652A044B3600BC93A5 /* Build configuration list for PBXNativeTarget "ImageFeedTests" */;
			buildPhases = (
				73B31E5B2A044B3600BC93A5 /* Sources */,
				73B31E5C2A044B3600BC93A5 /* Frameworks */,
				73B31E5D2A044B3600BC93A5 /* Resources */,
			);
			buildRules = (
			);
			dependencies = (
				73B31E642A044B3600BC93A5 /* PBXTargetDependency */,
			);
			name = ImageFeedTests;
			productName = ImageFeedTests;
			productReference = 73B31E5F2A044B3600BC93A5 /* ImageFeedTests.xctest */;
			productType = "com.apple.product-type.bundle.unit-test";
		};
		73DB4E30299FA85B0023E362 /* ImageFeed */ = {
			isa = PBXNativeTarget;
			buildConfigurationList = 73DB4E45299FA85C0023E362 /* Build configuration list for PBXNativeTarget "ImageFeed" */;
			buildPhases = (
				73DB4E2D299FA85B0023E362 /* Sources */,
				73DB4E2E299FA85B0023E362 /* Frameworks */,
				73DB4E2F299FA85B0023E362 /* Resources */,
			);
			buildRules = (
			);
			dependencies = (
			);
			name = ImageFeed;
			packageProductDependencies = (
				7319CE8329D716D600E6C2BD /* ProgressHUD */,
				7381269F29DF2291005EBFBE /* Kingfisher */,
				7374C47329E04A67008DC71A /* SwiftKeychainWrapper */,
				73E3483D29E34DEE004FF833 /* SnapKit */,
			);
			productName = ImageFeed;
			productReference = 73DB4E31299FA85B0023E362 /* ImageFeed.app */;
			productType = "com.apple.product-type.application";
		};
/* End PBXNativeTarget section */

/* Begin PBXProject section */
		73DB4E29299FA85B0023E362 /* Project object */ = {
			isa = PBXProject;
			attributes = {
				BuildIndependentTargetsInParallel = 1;
				LastSwiftUpdateCheck = 1430;
				LastUpgradeCheck = 1420;
				TargetAttributes = {
					7377D37A2A0AF2ED00233A16 = {
						CreatedOnToolsVersion = 14.3;
						TestTargetID = 73DB4E30299FA85B0023E362;
					};
					73B31E5E2A044B3600BC93A5 = {
						CreatedOnToolsVersion = 14.3;
						TestTargetID = 73DB4E30299FA85B0023E362;
					};
					73DB4E30299FA85B0023E362 = {
						CreatedOnToolsVersion = 14.2;
					};
				};
			};
			buildConfigurationList = 73DB4E2C299FA85B0023E362 /* Build configuration list for PBXProject "ImageFeed" */;
			compatibilityVersion = "Xcode 14.0";
			developmentRegion = en;
			hasScannedForEncodings = 0;
			knownRegions = (
				en,
				Base,
			);
			mainGroup = 73DB4E28299FA85B0023E362;
			packageReferences = (
				7319CE8229D716D600E6C2BD /* XCRemoteSwiftPackageReference "ProgressHUD" */,
				7381269E29DF2291005EBFBE /* XCRemoteSwiftPackageReference "Kingfisher" */,
				7374C47229E04A67008DC71A /* XCRemoteSwiftPackageReference "SwiftKeychainWrapper" */,
				73E3483C29E34DEE004FF833 /* XCRemoteSwiftPackageReference "SnapKit" */,
			);
			productRefGroup = 73DB4E32299FA85B0023E362 /* Products */;
			projectDirPath = "";
			projectRoot = "";
			targets = (
				73DB4E30299FA85B0023E362 /* ImageFeed */,
				73B31E5E2A044B3600BC93A5 /* ImageFeedTests */,
				7377D37A2A0AF2ED00233A16 /* ImageFeedUITests */,
			);
		};
/* End PBXProject section */

/* Begin PBXResourcesBuildPhase section */
		7377D3792A0AF2ED00233A16 /* Resources */ = {
			isa = PBXResourcesBuildPhase;
			buildActionMask = 2147483647;
			files = (
			);
			runOnlyForDeploymentPostprocessing = 0;
		};
		73B31E5D2A044B3600BC93A5 /* Resources */ = {
			isa = PBXResourcesBuildPhase;
			buildActionMask = 2147483647;
			files = (
			);
			runOnlyForDeploymentPostprocessing = 0;
		};
		73DB4E2F299FA85B0023E362 /* Resources */ = {
			isa = PBXResourcesBuildPhase;
			buildActionMask = 2147483647;
			files = (
				73DB4E41299FA85C0023E362 /* LaunchScreen.storyboard in Resources */,
				73DB4E3E299FA85C0023E362 /* Assets.xcassets in Resources */,
			);
			runOnlyForDeploymentPostprocessing = 0;
		};
/* End PBXResourcesBuildPhase section */

/* Begin PBXSourcesBuildPhase section */
		7377D3772A0AF2ED00233A16 /* Sources */ = {
			isa = PBXSourcesBuildPhase;
			buildActionMask = 2147483647;
			files = (
				7377D37E2A0AF2ED00233A16 /* ImageFeedUITests.swift in Sources */,
			);
			runOnlyForDeploymentPostprocessing = 0;
		};
		73B31E5B2A044B3600BC93A5 /* Sources */ = {
			isa = PBXSourcesBuildPhase;
			buildActionMask = 2147483647;
			files = (
				73D43BAB2A0BABFC00D317FF /* ProfileViewTests.swift in Sources */,
				73F3E5E72A10F97100303A1C /* ImagesListViewControllerSpy.swift in Sources */,
				73B31E622A044B3600BC93A5 /* WebViewTests.swift in Sources */,
				73D43BAF2A0BAC6000D317FF /* ProfileViewPresenterSpy.swift in Sources */,
				73B31E6B2A044F3D00BC93A5 /* WebViewViewControllerSpy.swift in Sources */,
				73F3E5E32A10F87F00303A1C /* ImagesListViewTests.swift in Sources */,
				73F3E5E52A10F8F500303A1C /* ImagesListViewPresenterSpy.swift in Sources */,
				73B31E692A044CA400BC93A5 /* WebViewPresenterSpy.swift in Sources */,
				73F3E5E12A0FC08F00303A1C /* ProfileImageServiceStub.swift in Sources */,
				73D43BAD2A0BAC4D00D317FF /* ProfileViewControllerSpy.swift in Sources */,
			);
			runOnlyForDeploymentPostprocessing = 0;
		};
		73DB4E2D299FA85B0023E362 /* Sources */ = {
			isa = PBXSourcesBuildPhase;
			buildActionMask = 2147483647;
			files = (
				7345104229F2D8C400E2A7FF /* Array+Extensions.swift in Sources */,
				7349F29329ED4C6B00770606 /* Photo.swift in Sources */,
				7377D3892A0AF73B00233A16 /* SplashView.swift in Sources */,
				73DB4E39299FA85B0023E362 /* ImagesListViewController.swift in Sources */,
				73B31E722A04610700BC93A5 /* ProfileViewPresenterProtocol.swift in Sources */,
				73B31E812A05635300BC93A5 /* ImagesListViewControllerProtocol.swift in Sources */,
				733D1C8929DC232000BE5004 /* ProfileImage.swift in Sources */,
				73CA559B29A627B200C5C348 /* UIColor+Extensions.swift in Sources */,
				7374C47629E04EF9008DC71A /* TabBarController.swift in Sources */,
				7377D38D2A0AFA4E00233A16 /* ProfileView.swift in Sources */,
				7319CE8629D74DD700E6C2BD /* URL+Extensions.swift in Sources */,
				7369D33B29D9CCF100305443 /* Profile.swift in Sources */,
				73E4D6B529CB1FB600E27896 /* OAuth2Service.swift in Sources */,
				73B31E832A05755800BC93A5 /* ImagesListServiceProtocol.swift in Sources */,
				73E4D6BF29CB54EB00E27896 /* WebViewViewControllerDelegate.swift in Sources */,
				73E4D6B929CB252B00E27896 /* AuthViewControllerDelegate.swift in Sources */,
				733D1C8729DC208100BE5004 /* ProfileImageService.swift in Sources */,
				73E4D6B229CB1D2E00E27896 /* OAuthTokenResponseBody.swift in Sources */,
				73E4735829C9BB6100FD5548 /* AuthViewController.swift in Sources */,
				7377D3912A0AFBB000233A16 /* WebView.swift in Sources */,
				731F74A229A4F32000E7CCE7 /* ImagesListCell.swift in Sources */,
				73E4D6B729CB226600E27896 /* OAuth2ServiceProtocol.swift in Sources */,
				73E4D6AF29C9C09800E27896 /* WebViewViewController.swift in Sources */,
				73DB4E35299FA85B0023E362 /* AppDelegate.swift in Sources */,
				730635AE29F8914F004426BF /* Resourses.swift in Sources */,
				73B31E752A04616300BC93A5 /* ProfileViewControllerProtocol.swift in Sources */,
				7349F29529ED4D1000770606 /* ImagesListService.swift in Sources */,
				73B31E542A04036900BC93A5 /* AuthConfiguration.swift in Sources */,
				73B31E5A2A04070900BC93A5 /* WebViewPresenterProtocol.swift in Sources */,
				73B31E702A045EB000BC93A5 /* ProfileViewPresenter.swift in Sources */,
				732A03F329B0F5B000F10C28 /* ProfileViewController.swift in Sources */,
				73B31E6E2A045E4E00BC93A5 /* AuthHelperProtocol.swift in Sources */,
				73B31E7A2A05031400BC93A5 /* ProfileImageServiceProtocol.swift in Sources */,
				73B31E582A04069900BC93A5 /* WebViewViewControllerProtocol.swift in Sources */,
				73CA559929A6275700C5C348 /* Date+Extensions.swift in Sources */,
				739C248F29F2BEA200F5A6A5 /* PhotoLike.swift in Sources */,
				73E4D6BB29CB266D00E27896 /* OAuth2TokenStorage.swift in Sources */,
				73B31E7C2A055E2C00BC93A5 /* ImagesListPresenter.swift in Sources */,
				7349F29729ED718500770606 /* PhotoResult.swift in Sources */,
				7341189629D092ED003C76CD /* SplashViewController.swift in Sources */,
				7369D33D29D9CEF700305443 /* ProfileService.swift in Sources */,
				73E4D6BD29CB2D7800E27896 /* Errors.swift in Sources */,
				731EADDD29BF28C700081FC8 /* SingleImageViewController.swift in Sources */,
				73DB4E37299FA85B0023E362 /* SceneDelegate.swift in Sources */,
				73B31E7F2A05633100BC93A5 /* ImagesListPresenterProtocol.swift in Sources */,
				73B31E522A03E5EC00BC93A5 /* WebViewPresenter.swift in Sources */,
				7345104529F2DB9800E2A7FF /* ImagesListCellDelegate.swift in Sources */,
				73B31E782A04FFE100BC93A5 /* ProfileServiceProtocol.swift in Sources */,
				73B31E562A04066A00BC93A5 /* AuthHelper.swift in Sources */,
				7329195F29C4746100A1FABF /* Constants.swift in Sources */,
				7319CE8829D7628B00E6C2BD /* UIBlockingProgressHUD.swift in Sources */,
				7369D33929D9C93700305443 /* ProfileResult.swift in Sources */,
			);
			runOnlyForDeploymentPostprocessing = 0;
		};
/* End PBXSourcesBuildPhase section */

/* Begin PBXTargetDependency section */
		7377D3822A0AF2EE00233A16 /* PBXTargetDependency */ = {
			isa = PBXTargetDependency;
			target = 73DB4E30299FA85B0023E362 /* ImageFeed */;
			targetProxy = 7377D3812A0AF2EE00233A16 /* PBXContainerItemProxy */;
		};
		73B31E642A044B3600BC93A5 /* PBXTargetDependency */ = {
			isa = PBXTargetDependency;
			target = 73DB4E30299FA85B0023E362 /* ImageFeed */;
			targetProxy = 73B31E632A044B3600BC93A5 /* PBXContainerItemProxy */;
		};
/* End PBXTargetDependency section */

/* Begin PBXVariantGroup section */
		73DB4E3F299FA85C0023E362 /* LaunchScreen.storyboard */ = {
			isa = PBXVariantGroup;
			children = (
				73DB4E40299FA85C0023E362 /* Base */,
			);
			name = LaunchScreen.storyboard;
			sourceTree = "<group>";
		};
/* End PBXVariantGroup section */

/* Begin XCBuildConfiguration section */
		7377D3832A0AF2EE00233A16 /* Debug */ = {
			isa = XCBuildConfiguration;
			buildSettings = {
				CODE_SIGN_STYLE = Automatic;
				CURRENT_PROJECT_VERSION = 1;
				DEVELOPMENT_TEAM = 6FKSY32YRW;
				GENERATE_INFOPLIST_FILE = YES;
				IPHONEOS_DEPLOYMENT_TARGET = 16.4;
				MARKETING_VERSION = 1.0;
				PRODUCT_BUNDLE_IDENTIFIER = ru.d1mon227.ImageFeedUITests;
				PRODUCT_NAME = "$(TARGET_NAME)";
				SWIFT_EMIT_LOC_STRINGS = NO;
				SWIFT_VERSION = 5.0;
				TARGETED_DEVICE_FAMILY = "1,2";
				TEST_TARGET_NAME = ImageFeed;
			};
			name = Debug;
		};
		7377D3842A0AF2EE00233A16 /* Release */ = {
			isa = XCBuildConfiguration;
			buildSettings = {
				CODE_SIGN_STYLE = Automatic;
				CURRENT_PROJECT_VERSION = 1;
				DEVELOPMENT_TEAM = 6FKSY32YRW;
				GENERATE_INFOPLIST_FILE = YES;
				IPHONEOS_DEPLOYMENT_TARGET = 16.4;
				MARKETING_VERSION = 1.0;
				PRODUCT_BUNDLE_IDENTIFIER = ru.d1mon227.ImageFeedUITests;
				PRODUCT_NAME = "$(TARGET_NAME)";
				SWIFT_EMIT_LOC_STRINGS = NO;
				SWIFT_VERSION = 5.0;
				TARGETED_DEVICE_FAMILY = "1,2";
				TEST_TARGET_NAME = ImageFeed;
			};
			name = Release;
		};
		73B31E662A044B3600BC93A5 /* Debug */ = {
			isa = XCBuildConfiguration;
			buildSettings = {
				BUNDLE_LOADER = "$(TEST_HOST)";
				CODE_SIGN_STYLE = Automatic;
				CURRENT_PROJECT_VERSION = 1;
				DEVELOPMENT_TEAM = 6FKSY32YRW;
				GENERATE_INFOPLIST_FILE = YES;
				IPHONEOS_DEPLOYMENT_TARGET = 16.4;
				MARKETING_VERSION = 1.0;
				PRODUCT_BUNDLE_IDENTIFIER = ru.d1mon227.ImageFeedTests;
				PRODUCT_NAME = "$(TARGET_NAME)";
				SWIFT_EMIT_LOC_STRINGS = NO;
				SWIFT_VERSION = 5.0;
				TARGETED_DEVICE_FAMILY = "1,2";
				TEST_HOST = "$(BUILT_PRODUCTS_DIR)/ImageFeed.app/$(BUNDLE_EXECUTABLE_FOLDER_PATH)/ImageFeed";
			};
			name = Debug;
		};
		73B31E672A044B3600BC93A5 /* Release */ = {
			isa = XCBuildConfiguration;
			buildSettings = {
				BUNDLE_LOADER = "$(TEST_HOST)";
				CODE_SIGN_STYLE = Automatic;
				CURRENT_PROJECT_VERSION = 1;
				DEVELOPMENT_TEAM = 6FKSY32YRW;
				GENERATE_INFOPLIST_FILE = YES;
				IPHONEOS_DEPLOYMENT_TARGET = 16.4;
				MARKETING_VERSION = 1.0;
				PRODUCT_BUNDLE_IDENTIFIER = ru.d1mon227.ImageFeedTests;
				PRODUCT_NAME = "$(TARGET_NAME)";
				SWIFT_EMIT_LOC_STRINGS = NO;
				SWIFT_VERSION = 5.0;
				TARGETED_DEVICE_FAMILY = "1,2";
				TEST_HOST = "$(BUILT_PRODUCTS_DIR)/ImageFeed.app/$(BUNDLE_EXECUTABLE_FOLDER_PATH)/ImageFeed";
			};
			name = Release;
		};
		73DB4E43299FA85C0023E362 /* Debug */ = {
			isa = XCBuildConfiguration;
			buildSettings = {
				ALWAYS_SEARCH_USER_PATHS = NO;
				CLANG_ANALYZER_NONNULL = YES;
				CLANG_ANALYZER_NUMBER_OBJECT_CONVERSION = YES_AGGRESSIVE;
				CLANG_CXX_LANGUAGE_STANDARD = "gnu++20";
				CLANG_ENABLE_MODULES = YES;
				CLANG_ENABLE_OBJC_ARC = YES;
				CLANG_ENABLE_OBJC_WEAK = YES;
				CLANG_WARN_BLOCK_CAPTURE_AUTORELEASING = YES;
				CLANG_WARN_BOOL_CONVERSION = YES;
				CLANG_WARN_COMMA = YES;
				CLANG_WARN_CONSTANT_CONVERSION = YES;
				CLANG_WARN_DEPRECATED_OBJC_IMPLEMENTATIONS = YES;
				CLANG_WARN_DIRECT_OBJC_ISA_USAGE = YES_ERROR;
				CLANG_WARN_DOCUMENTATION_COMMENTS = YES;
				CLANG_WARN_EMPTY_BODY = YES;
				CLANG_WARN_ENUM_CONVERSION = YES;
				CLANG_WARN_INFINITE_RECURSION = YES;
				CLANG_WARN_INT_CONVERSION = YES;
				CLANG_WARN_NON_LITERAL_NULL_CONVERSION = YES;
				CLANG_WARN_OBJC_IMPLICIT_RETAIN_SELF = YES;
				CLANG_WARN_OBJC_LITERAL_CONVERSION = YES;
				CLANG_WARN_OBJC_ROOT_CLASS = YES_ERROR;
				CLANG_WARN_QUOTED_INCLUDE_IN_FRAMEWORK_HEADER = YES;
				CLANG_WARN_RANGE_LOOP_ANALYSIS = YES;
				CLANG_WARN_STRICT_PROTOTYPES = YES;
				CLANG_WARN_SUSPICIOUS_MOVE = YES;
				CLANG_WARN_UNGUARDED_AVAILABILITY = YES_AGGRESSIVE;
				CLANG_WARN_UNREACHABLE_CODE = YES;
				CLANG_WARN__DUPLICATE_METHOD_MATCH = YES;
				COPY_PHASE_STRIP = NO;
				DEBUG_INFORMATION_FORMAT = dwarf;
				ENABLE_STRICT_OBJC_MSGSEND = YES;
				ENABLE_TESTABILITY = YES;
				GCC_C_LANGUAGE_STANDARD = gnu11;
				GCC_DYNAMIC_NO_PIC = NO;
				GCC_NO_COMMON_BLOCKS = YES;
				GCC_OPTIMIZATION_LEVEL = 0;
				GCC_PREPROCESSOR_DEFINITIONS = (
					"DEBUG=1",
					"$(inherited)",
				);
				GCC_WARN_64_TO_32_BIT_CONVERSION = YES;
				GCC_WARN_ABOUT_RETURN_TYPE = YES_ERROR;
				GCC_WARN_UNDECLARED_SELECTOR = YES;
				GCC_WARN_UNINITIALIZED_AUTOS = YES_AGGRESSIVE;
				GCC_WARN_UNUSED_FUNCTION = YES;
				GCC_WARN_UNUSED_VARIABLE = YES;
				IPHONEOS_DEPLOYMENT_TARGET = 16.2;
				MTL_ENABLE_DEBUG_INFO = INCLUDE_SOURCE;
				MTL_FAST_MATH = YES;
				ONLY_ACTIVE_ARCH = YES;
				SDKROOT = iphoneos;
				SWIFT_ACTIVE_COMPILATION_CONDITIONS = DEBUG;
				SWIFT_OPTIMIZATION_LEVEL = "-Onone";
			};
			name = Debug;
		};
		73DB4E44299FA85C0023E362 /* Release */ = {
			isa = XCBuildConfiguration;
			buildSettings = {
				ALWAYS_SEARCH_USER_PATHS = NO;
				CLANG_ANALYZER_NONNULL = YES;
				CLANG_ANALYZER_NUMBER_OBJECT_CONVERSION = YES_AGGRESSIVE;
				CLANG_CXX_LANGUAGE_STANDARD = "gnu++20";
				CLANG_ENABLE_MODULES = YES;
				CLANG_ENABLE_OBJC_ARC = YES;
				CLANG_ENABLE_OBJC_WEAK = YES;
				CLANG_WARN_BLOCK_CAPTURE_AUTORELEASING = YES;
				CLANG_WARN_BOOL_CONVERSION = YES;
				CLANG_WARN_COMMA = YES;
				CLANG_WARN_CONSTANT_CONVERSION = YES;
				CLANG_WARN_DEPRECATED_OBJC_IMPLEMENTATIONS = YES;
				CLANG_WARN_DIRECT_OBJC_ISA_USAGE = YES_ERROR;
				CLANG_WARN_DOCUMENTATION_COMMENTS = YES;
				CLANG_WARN_EMPTY_BODY = YES;
				CLANG_WARN_ENUM_CONVERSION = YES;
				CLANG_WARN_INFINITE_RECURSION = YES;
				CLANG_WARN_INT_CONVERSION = YES;
				CLANG_WARN_NON_LITERAL_NULL_CONVERSION = YES;
				CLANG_WARN_OBJC_IMPLICIT_RETAIN_SELF = YES;
				CLANG_WARN_OBJC_LITERAL_CONVERSION = YES;
				CLANG_WARN_OBJC_ROOT_CLASS = YES_ERROR;
				CLANG_WARN_QUOTED_INCLUDE_IN_FRAMEWORK_HEADER = YES;
				CLANG_WARN_RANGE_LOOP_ANALYSIS = YES;
				CLANG_WARN_STRICT_PROTOTYPES = YES;
				CLANG_WARN_SUSPICIOUS_MOVE = YES;
				CLANG_WARN_UNGUARDED_AVAILABILITY = YES_AGGRESSIVE;
				CLANG_WARN_UNREACHABLE_CODE = YES;
				CLANG_WARN__DUPLICATE_METHOD_MATCH = YES;
				COPY_PHASE_STRIP = NO;
				DEBUG_INFORMATION_FORMAT = "dwarf-with-dsym";
				ENABLE_NS_ASSERTIONS = NO;
				ENABLE_STRICT_OBJC_MSGSEND = YES;
				GCC_C_LANGUAGE_STANDARD = gnu11;
				GCC_NO_COMMON_BLOCKS = YES;
				GCC_WARN_64_TO_32_BIT_CONVERSION = YES;
				GCC_WARN_ABOUT_RETURN_TYPE = YES_ERROR;
				GCC_WARN_UNDECLARED_SELECTOR = YES;
				GCC_WARN_UNINITIALIZED_AUTOS = YES_AGGRESSIVE;
				GCC_WARN_UNUSED_FUNCTION = YES;
				GCC_WARN_UNUSED_VARIABLE = YES;
				IPHONEOS_DEPLOYMENT_TARGET = 16.2;
				MTL_ENABLE_DEBUG_INFO = NO;
				MTL_FAST_MATH = YES;
				SDKROOT = iphoneos;
				SWIFT_COMPILATION_MODE = wholemodule;
				SWIFT_OPTIMIZATION_LEVEL = "-O";
				VALIDATE_PRODUCT = YES;
			};
			name = Release;
		};
		73DB4E46299FA85C0023E362 /* Debug */ = {
			isa = XCBuildConfiguration;
			buildSettings = {
				ASSETCATALOG_COMPILER_APPICON_NAME = AppIcon;
				ASSETCATALOG_COMPILER_GLOBAL_ACCENT_COLOR_NAME = AccentColor;
				CODE_SIGN_STYLE = Automatic;
				CURRENT_PROJECT_VERSION = 1;
				DEVELOPMENT_TEAM = 6FKSY32YRW;
				GENERATE_INFOPLIST_FILE = YES;
				INFOPLIST_FILE = ImageFeed/Info.plist;
				INFOPLIST_KEY_UIApplicationSupportsIndirectInputEvents = YES;
				INFOPLIST_KEY_UILaunchStoryboardName = LaunchScreen;
				INFOPLIST_KEY_UIStatusBarStyle = UIStatusBarStyleLightContent;
				INFOPLIST_KEY_UISupportedInterfaceOrientations = UIInterfaceOrientationPortrait;
				INFOPLIST_KEY_UISupportedInterfaceOrientations_iPad = "UIInterfaceOrientationLandscapeLeft UIInterfaceOrientationLandscapeRight UIInterfaceOrientationPortrait UIInterfaceOrientationPortraitUpsideDown";
				IPHONEOS_DEPLOYMENT_TARGET = 13.0;
				LD_RUNPATH_SEARCH_PATHS = (
					"$(inherited)",
					"@executable_path/Frameworks",
				);
				MARKETING_VERSION = 1.0;
				PRODUCT_BUNDLE_IDENTIFIER = ru.d1mon227.ImageFeed;
				PRODUCT_NAME = "$(TARGET_NAME)";
				SUPPORTED_PLATFORMS = "iphoneos iphonesimulator";
				SUPPORTS_MACCATALYST = NO;
				SUPPORTS_MAC_DESIGNED_FOR_IPHONE_IPAD = YES;
				SWIFT_EMIT_LOC_STRINGS = YES;
				SWIFT_VERSION = 5.0;
				TARGETED_DEVICE_FAMILY = 1;
			};
			name = Debug;
		};
		73DB4E47299FA85C0023E362 /* Release */ = {
			isa = XCBuildConfiguration;
			buildSettings = {
				ASSETCATALOG_COMPILER_APPICON_NAME = AppIcon;
				ASSETCATALOG_COMPILER_GLOBAL_ACCENT_COLOR_NAME = AccentColor;
				CODE_SIGN_STYLE = Automatic;
				CURRENT_PROJECT_VERSION = 1;
				DEVELOPMENT_TEAM = 6FKSY32YRW;
				GENERATE_INFOPLIST_FILE = YES;
				INFOPLIST_FILE = ImageFeed/Info.plist;
				INFOPLIST_KEY_UIApplicationSupportsIndirectInputEvents = YES;
				INFOPLIST_KEY_UILaunchStoryboardName = LaunchScreen;
				INFOPLIST_KEY_UIStatusBarStyle = UIStatusBarStyleLightContent;
				INFOPLIST_KEY_UISupportedInterfaceOrientations = UIInterfaceOrientationPortrait;
				INFOPLIST_KEY_UISupportedInterfaceOrientations_iPad = "UIInterfaceOrientationLandscapeLeft UIInterfaceOrientationLandscapeRight UIInterfaceOrientationPortrait UIInterfaceOrientationPortraitUpsideDown";
				IPHONEOS_DEPLOYMENT_TARGET = 13.0;
				LD_RUNPATH_SEARCH_PATHS = (
					"$(inherited)",
					"@executable_path/Frameworks",
				);
				MARKETING_VERSION = 1.0;
				PRODUCT_BUNDLE_IDENTIFIER = ru.d1mon227.ImageFeed;
				PRODUCT_NAME = "$(TARGET_NAME)";
				SUPPORTED_PLATFORMS = "iphoneos iphonesimulator";
				SUPPORTS_MACCATALYST = NO;
				SUPPORTS_MAC_DESIGNED_FOR_IPHONE_IPAD = YES;
				SWIFT_EMIT_LOC_STRINGS = YES;
				SWIFT_VERSION = 5.0;
				TARGETED_DEVICE_FAMILY = 1;
			};
			name = Release;
		};
/* End XCBuildConfiguration section */

/* Begin XCConfigurationList section */
		7377D3852A0AF2EE00233A16 /* Build configuration list for PBXNativeTarget "ImageFeedUITests" */ = {
			isa = XCConfigurationList;
			buildConfigurations = (
				7377D3832A0AF2EE00233A16 /* Debug */,
				7377D3842A0AF2EE00233A16 /* Release */,
			);
			defaultConfigurationIsVisible = 0;
			defaultConfigurationName = Release;
		};
		73B31E652A044B3600BC93A5 /* Build configuration list for PBXNativeTarget "ImageFeedTests" */ = {
			isa = XCConfigurationList;
			buildConfigurations = (
				73B31E662A044B3600BC93A5 /* Debug */,
				73B31E672A044B3600BC93A5 /* Release */,
			);
			defaultConfigurationIsVisible = 0;
			defaultConfigurationName = Release;
		};
		73DB4E2C299FA85B0023E362 /* Build configuration list for PBXProject "ImageFeed" */ = {
			isa = XCConfigurationList;
			buildConfigurations = (
				73DB4E43299FA85C0023E362 /* Debug */,
				73DB4E44299FA85C0023E362 /* Release */,
			);
			defaultConfigurationIsVisible = 0;
			defaultConfigurationName = Release;
		};
		73DB4E45299FA85C0023E362 /* Build configuration list for PBXNativeTarget "ImageFeed" */ = {
			isa = XCConfigurationList;
			buildConfigurations = (
				73DB4E46299FA85C0023E362 /* Debug */,
				73DB4E47299FA85C0023E362 /* Release */,
			);
			defaultConfigurationIsVisible = 0;
			defaultConfigurationName = Release;
		};
/* End XCConfigurationList section */

/* Begin XCRemoteSwiftPackageReference section */
		7319CE8229D716D600E6C2BD /* XCRemoteSwiftPackageReference "ProgressHUD" */ = {
			isa = XCRemoteSwiftPackageReference;
			repositoryURL = "https://github.com/relatedcode/ProgressHUD";
			requirement = {
				kind = exactVersion;
				version = 13.6.2;
			};
		};
		7374C47229E04A67008DC71A /* XCRemoteSwiftPackageReference "SwiftKeychainWrapper" */ = {
			isa = XCRemoteSwiftPackageReference;
			repositoryURL = "https://github.com/jrendel/SwiftKeychainWrapper.git";
			requirement = {
				kind = exactVersion;
				version = 4.0.1;
			};
		};
		7381269E29DF2291005EBFBE /* XCRemoteSwiftPackageReference "Kingfisher" */ = {
			isa = XCRemoteSwiftPackageReference;
			repositoryURL = "https://github.com/onevcat/Kingfisher.git";
			requirement = {
				kind = exactVersion;
				version = 7.6.2;
			};
		};
		73E3483C29E34DEE004FF833 /* XCRemoteSwiftPackageReference "SnapKit" */ = {
			isa = XCRemoteSwiftPackageReference;
			repositoryURL = "https://github.com/SnapKit/SnapKit.git";
			requirement = {
				kind = exactVersion;
				version = 5.6.0;
			};
		};
/* End XCRemoteSwiftPackageReference section */

/* Begin XCSwiftPackageProductDependency section */
		7319CE8329D716D600E6C2BD /* ProgressHUD */ = {
			isa = XCSwiftPackageProductDependency;
			package = 7319CE8229D716D600E6C2BD /* XCRemoteSwiftPackageReference "ProgressHUD" */;
			productName = ProgressHUD;
		};
		7374C47329E04A67008DC71A /* SwiftKeychainWrapper */ = {
			isa = XCSwiftPackageProductDependency;
			package = 7374C47229E04A67008DC71A /* XCRemoteSwiftPackageReference "SwiftKeychainWrapper" */;
			productName = SwiftKeychainWrapper;
		};
		7381269F29DF2291005EBFBE /* Kingfisher */ = {
			isa = XCSwiftPackageProductDependency;
			package = 7381269E29DF2291005EBFBE /* XCRemoteSwiftPackageReference "Kingfisher" */;
			productName = Kingfisher;
		};
		73E3483D29E34DEE004FF833 /* SnapKit */ = {
			isa = XCSwiftPackageProductDependency;
			package = 73E3483C29E34DEE004FF833 /* XCRemoteSwiftPackageReference "SnapKit" */;
			productName = SnapKit;
		};
/* End XCSwiftPackageProductDependency section */
	};
	rootObject = 73DB4E29299FA85B0023E362 /* Project object */;
}
